{
  "name": "images-management",
  "version": "0.0.3",
  "lockfileVersion": 3,
  "requires": true,
  "packages": {
    "": {
      "name": "images-management",
      "version": "0.0.3",
      "dependencies": {
        "@ionic/pwa-elements": "^3.1.1",
        "tslib": "^2.3.0"
      },
      "devDependencies": {
        "@capacitor/camera": "^5.0.4",
        "@capacitor/filesystem": "^5.0.4",
        "@ionic/angular": "^7.1.1",
        "@meddv/ngx-pinch-zoom": "^16.0.0",
        "@types/lodash": "^4.14.195",
        "browser-image-compression": "^2.0.2",
        "lodash.clonedeep": "^4.5.0",
        "markerjs2": "^2.29.4",
        "ngx-image-cropper": "^7.0.1"
      },
      "peerDependencies": {
        "@angular/cdk": "^16.1.3",
        "@angular/common": "^16.1.0",
        "@angular/core": "^16.1.0",
        "@capacitor/camera": "^5.0.4",
        "@capacitor/filesystem": "^5.0.4",
        "@ionic/angular": "^7.1.1",
        "@meddv/ngx-pinch-zoom": "^16.0.0",
        "@types/lodash": "^4.14.195",
        "browser-image-compression": "^2.0.2",
        "hammerjs": "^2.0.8",
        "lodash.clonedeep": "^4.5.0",
        "markerjs2": "^2.29.4",
        "ngx-image-compress": "^15.1.6",
        "ngx-image-cropper": "^7.0.1"
      }
    },
    "node_modules/@angular/cdk": {
      "version": "16.1.3",
      "resolved": "https://registry.npmjs.org/@angular/cdk/-/cdk-16.1.3.tgz",
      "integrity": "sha512-PsBcJSIX6D1w1OhHfcfi21Dug/eBWexlQ1XuU3CkLxC4BLvmpOEtugRKwIhSpaio3RauSaQydvlDHkiQsQbiKw==",
      "peer": true,
      "dependencies": {
        "tslib": "^2.3.0"
      },
      "optionalDependencies": {
        "parse5": "^7.1.2"
      },
      "peerDependencies": {
        "@angular/common": "^16.0.0 || ^17.0.0",
        "@angular/core": "^16.0.0 || ^17.0.0",
        "rxjs": "^6.5.3 || ^7.4.0"
      }
    },
    "node_modules/@angular/common": {
      "version": "16.1.2",
      "resolved": "https://registry.npmjs.org/@angular/common/-/common-16.1.2.tgz",
      "integrity": "sha512-MrJ1CUKg4H8fH0Jc771gLceVcawBPjIM6TSLEM7DMeX7SZ6eSU9HAOCTHXBg7Kmb7ZS19G1BQBD/tkjivszk+Q==",
      "peer": true,
      "dependencies": {
        "tslib": "^2.3.0"
      },
      "engines": {
        "node": "^16.14.0 || >=18.10.0"
      },
      "peerDependencies": {
        "@angular/core": "16.1.2",
        "rxjs": "^6.5.3 || ^7.4.0"
      }
    },
    "node_modules/@angular/core": {
      "version": "16.1.2",
      "resolved": "https://registry.npmjs.org/@angular/core/-/core-16.1.2.tgz",
      "integrity": "sha512-1w8DcSY/ZJT6qBaZWZGNQ50YQ5Cffm7xXSIcjIZeQwQKRAZNlZ1O/pFEer1kvxkAbVsQH3Nf6kB6t8PkNFCWMg==",
      "peer": true,
      "dependencies": {
        "tslib": "^2.3.0"
      },
      "engines": {
        "node": "^16.14.0 || >=18.10.0"
      },
      "peerDependencies": {
        "rxjs": "^6.5.3 || ^7.4.0",
        "zone.js": "~0.13.0"
      }
    },
    "node_modules/@angular/forms": {
      "version": "16.1.2",
      "resolved": "https://registry.npmjs.org/@angular/forms/-/forms-16.1.2.tgz",
      "integrity": "sha512-OyAQRYE6B2NbucoE5KzmxkQqFFlcSnB8/LWS/J9KHGB1QkPdYJCuWSccypeo4YxgVjYCSvHDnO6jBiHDfwDBuQ==",
      "dev": true,
      "peer": true,
      "dependencies": {
        "tslib": "^2.3.0"
      },
      "engines": {
        "node": "^16.14.0 || >=18.10.0"
      },
      "peerDependencies": {
        "@angular/common": "16.1.2",
        "@angular/core": "16.1.2",
        "@angular/platform-browser": "16.1.2",
        "rxjs": "^6.5.3 || ^7.4.0"
      }
    },
    "node_modules/@angular/platform-browser": {
      "version": "16.1.2",
      "resolved": "https://registry.npmjs.org/@angular/platform-browser/-/platform-browser-16.1.2.tgz",
      "integrity": "sha512-jFelRYaVaD2F2ph+Z4tsQUxpw1gGiOU0t5i77srrHDtm+KXpERyYbnXQTog+6q+ScNtsB++0JNkiPQV6oOjtIw==",
      "dev": true,
      "peer": true,
      "dependencies": {
        "tslib": "^2.3.0"
      },
      "engines": {
        "node": "^16.14.0 || >=18.10.0"
      },
      "peerDependencies": {
        "@angular/animations": "16.1.2",
        "@angular/common": "16.1.2",
        "@angular/core": "16.1.2"
      },
      "peerDependenciesMeta": {
        "@angular/animations": {
          "optional": true
        }
      }
    },
    "node_modules/@angular/router": {
      "version": "16.1.2",
      "resolved": "https://registry.npmjs.org/@angular/router/-/router-16.1.2.tgz",
      "integrity": "sha512-0ZiEtJNwYUQewMXxMf2cNHl6N8ZroxC+WS7I6uq3QhPxhbiF0mThRyhRd158rfSVSLEFWKlyZbDQh1ECMSWhDQ==",
      "dev": true,
      "peer": true,
      "dependencies": {
        "tslib": "^2.3.0"
      },
      "engines": {
        "node": "^16.14.0 || >=18.10.0"
      },
      "peerDependencies": {
        "@angular/common": "16.1.2",
        "@angular/core": "16.1.2",
        "@angular/platform-browser": "16.1.2",
        "rxjs": "^6.5.3 || ^7.4.0"
      }
    },
    "node_modules/@capacitor/camera": {
      "version": "5.0.4",
      "resolved": "https://registry.npmjs.org/@capacitor/camera/-/camera-5.0.4.tgz",
      "integrity": "sha512-Sl4PpoRv/FahCTugjyCZQ8MMH9Tgh5ySr8ZqY59mFKReoCu7xKnp9Ue8D8mzR9nE08gRiUBMqtl5FJbJR2f+Yg==",
      "dev": true,
      "peerDependencies": {
        "@capacitor/core": "^5.0.0"
      }
    },
    "node_modules/@capacitor/core": {
      "version": "5.0.5",
      "resolved": "https://registry.npmjs.org/@capacitor/core/-/core-5.0.5.tgz",
      "integrity": "sha512-sulwWXEhYI6cBIj1WnH9k+a8z1f4XTRDtdh3YfXNdeV36UT7T55GCeGrPoQMm7ww6iWyGuv1VEzVIuZFga8rtw==",
      "dev": true,
      "peer": true,
      "dependencies": {
        "tslib": "^2.1.0"
      }
    },
    "node_modules/@capacitor/filesystem": {
      "version": "5.0.4",
      "resolved": "https://registry.npmjs.org/@capacitor/filesystem/-/filesystem-5.0.4.tgz",
      "integrity": "sha512-dsmy8Hz19+SMI5hwTzHto3TXT3ckbgCJ5kfI4oel73yyn3G7zjdKZuHoZRINoX1BbFNSZryzpbMQ69lSOLCpnQ==",
      "dev": true,
      "peerDependencies": {
        "@capacitor/core": "^5.0.0"
      }
    },
    "node_modules/@ionic/angular": {
      "version": "7.1.1",
      "resolved": "https://registry.npmjs.org/@ionic/angular/-/angular-7.1.1.tgz",
      "integrity": "sha512-HXFEzDdhXkj7PZA0uJ6vYD9Kej0LzgcHW+iqtRFJ0ag/QaD6VJRE5zODbog8AXNbhhnDUiKcPuMG6ppfUjaDGQ==",
      "dev": true,
      "dependencies": {
        "@ionic/core": "7.1.1",
        "ionicons": "^7.0.0",
        "jsonc-parser": "^3.0.0",
        "tslib": "^2.3.0"
      },
      "peerDependencies": {
        "@angular/core": ">=14.0.0",
        "@angular/forms": ">=14.0.0",
        "@angular/router": ">=14.0.0",
        "rxjs": ">=7.5.0",
        "zone.js": ">=0.11.0"
      }
    },
    "node_modules/@ionic/core": {
      "version": "7.1.1",
      "resolved": "https://registry.npmjs.org/@ionic/core/-/core-7.1.1.tgz",
      "integrity": "sha512-5tdOSUiAkAfCtaP94ADugRskVxdwjRl+lRmOQnInkHnbUmA9eo2sCLCAO2UHfSL6VCP8BOw41NGlz4ad+Ivijw==",
      "dev": true,
      "dependencies": {
        "@stencil/core": "^3.4.0",
        "ionicons": "7.1.0",
        "tslib": "^2.1.0"
      }
    },
    "node_modules/@ionic/core/node_modules/ionicons": {
      "version": "7.1.0",
      "resolved": "https://registry.npmjs.org/ionicons/-/ionicons-7.1.0.tgz",
      "integrity": "sha512-iE4GuEdEHARJpp0sWL7WJZCzNCf5VxpNRhAjW0fLnZPnNL5qZOJUcfup2Z2Ty7Jk8Q5hacrHfGEB1lCwOdXqGg==",
      "dev": true,
      "dependencies": {
        "@stencil/core": "^2.18.0"
      }
    },
    "node_modules/@ionic/core/node_modules/ionicons/node_modules/@stencil/core": {
      "version": "2.22.3",
      "resolved": "https://registry.npmjs.org/@stencil/core/-/core-2.22.3.tgz",
      "integrity": "sha512-kmVA0M/HojwsfkeHsifvHVIYe4l5tin7J5+DLgtl8h6WWfiMClND5K3ifCXXI2ETDNKiEk21p6jql3Fx9o2rng==",
      "dev": true,
      "bin": {
        "stencil": "bin/stencil"
      },
      "engines": {
        "node": ">=12.10.0",
        "npm": ">=6.0.0"
      }
    },
    "node_modules/@ionic/pwa-elements": {
      "version": "3.1.1",
      "resolved": "https://registry.npmjs.org/@ionic/pwa-elements/-/pwa-elements-3.1.1.tgz",
      "integrity": "sha512-BoEX1pSrKn5dP4VQwaf8DweAmT4ynmpW+9f6oj/W1xLe54bmuXcUY07ziuZX1DLu50xHSYcO5qJ/dbYC/w6wgA=="
    },
    "node_modules/@meddv/ngx-pinch-zoom": {
      "version": "16.0.0",
      "resolved": "https://registry.npmjs.org/@meddv/ngx-pinch-zoom/-/ngx-pinch-zoom-16.0.0.tgz",
      "integrity": "sha512-zsbzjHBmwbHQLRP4uaJgak8y2lYKEmINTL3RQPoFLvU1BU3anC3zF5R5bBDLcPNFQ22wFP+8RegYK71XpQcLlA==",
      "dev": true,
      "dependencies": {
        "tslib": "^2.0.0"
      },
      "peerDependencies": {
        "@angular/common": "^16.0.0",
        "@angular/core": "^16.0.0"
      }
    },
    "node_modules/@stencil/core": {
      "version": "3.4.1",
      "resolved": "https://registry.npmjs.org/@stencil/core/-/core-3.4.1.tgz",
      "integrity": "sha512-7rjOmM0W9K5op2gtOQRLERGH1155rv2fm6ppxOzYqqG8ISct4m9skp5XgUBYPu+GSPsJFdRuCIQs0IuVsG/7+g==",
      "dev": true,
      "bin": {
        "stencil": "bin/stencil"
      },
      "engines": {
        "node": ">=14.10.0",
        "npm": ">=6.0.0"
      }
    },
    "node_modules/@types/lodash": {
      "version": "4.14.195",
      "resolved": "https://registry.npmjs.org/@types/lodash/-/lodash-4.14.195.tgz",
      "integrity": "sha512-Hwx9EUgdwf2GLarOjQp5ZH8ZmblzcbTBC2wtQWNKARBSxM9ezRIAUpeDTgoQRAFB0+8CNWXVA9+MaSOzOF3nPg==",
      "dev": true
    },
    "node_modules/browser-image-compression": {
      "version": "2.0.2",
      "resolved": "https://registry.npmjs.org/browser-image-compression/-/browser-image-compression-2.0.2.tgz",
      "integrity": "sha512-pBLlQyUf6yB8SmmngrcOw3EoS4RpQ1BcylI3T9Yqn7+4nrQTXJD4sJDe5ODnJdrvNMaio5OicFo75rDyJD2Ucw==",
      "dev": true,
      "dependencies": {
        "uzip": "0.20201231.0"
      }
    },
    "node_modules/entities": {
      "version": "4.5.0",
      "resolved": "https://registry.npmjs.org/entities/-/entities-4.5.0.tgz",
      "integrity": "sha512-V0hjH4dGPh9Ao5p0MoRY6BVqtwCjhz6vI5LT8AJ55H+4g9/4vbHx1I54fS0XuclLhDHArPQCiMjDxjaL8fPxhw==",
      "optional": true,
      "peer": true,
      "engines": {
        "node": ">=0.12"
      },
      "funding": {
        "url": "https://github.com/fb55/entities?sponsor=1"
      }
    },
    "node_modules/hammerjs": {
      "version": "2.0.8",
      "resolved": "https://registry.npmjs.org/hammerjs/-/hammerjs-2.0.8.tgz",
      "integrity": "sha512-tSQXBXS/MWQOn/RKckawJ61vvsDpCom87JgxiYdGwHdOa0ht0vzUWDlfioofFCRU0L+6NGDt6XzbgoJvZkMeRQ==",
      "peer": true,
      "engines": {
        "node": ">=0.8.0"
      }
    },
    "node_modules/ionicons": {
      "version": "7.1.2",
      "resolved": "https://registry.npmjs.org/ionicons/-/ionicons-7.1.2.tgz",
      "integrity": "sha512-zZ4njAqSP39H8RRvZhJvkHsv7cBjYE/VfInH218Osf2UVxJITSOutTTd25MW+tAXKN5fheYzclUXUsF55JHUDg==",
      "dev": true,
      "dependencies": {
        "@stencil/core": "^2.18.0"
      }
    },
    "node_modules/ionicons/node_modules/@stencil/core": {
      "version": "2.22.3",
      "resolved": "https://registry.npmjs.org/@stencil/core/-/core-2.22.3.tgz",
      "integrity": "sha512-kmVA0M/HojwsfkeHsifvHVIYe4l5tin7J5+DLgtl8h6WWfiMClND5K3ifCXXI2ETDNKiEk21p6jql3Fx9o2rng==",
      "dev": true,
      "bin": {
        "stencil": "bin/stencil"
      },
      "engines": {
        "node": ">=12.10.0",
        "npm": ">=6.0.0"
      }
    },
    "node_modules/jsonc-parser": {
      "version": "3.2.0",
      "resolved": "https://registry.npmjs.org/jsonc-parser/-/jsonc-parser-3.2.0.tgz",
      "integrity": "sha512-gfFQZrcTc8CnKXp6Y4/CBT3fTc0OVuDofpre4aEeEpSBPV5X5v4+Vmx+8snU7RLPrNHPKSgLxGo9YuQzz20o+w==",
      "dev": true
    },
    "node_modules/lodash.clonedeep": {
      "version": "4.5.0",
      "resolved": "https://registry.npmjs.org/lodash.clonedeep/-/lodash.clonedeep-4.5.0.tgz",
      "integrity": "sha512-H5ZhCF25riFd9uB5UCkVKo61m3S/xZk1x4wA6yp/L3RFP6Z/eHH1ymQcGLo7J3GMPfm0V/7m1tryHuGVxpqEBQ==",
      "dev": true
    },
    "node_modules/markerjs2": {
      "version": "2.29.4",
      "resolved": "https://registry.npmjs.org/markerjs2/-/markerjs2-2.29.4.tgz",
      "integrity": "sha512-Fvtay7a8lGjy8T+ns3fQdeHF8LnAnjg3TO5HUsgVJ2/xUUaIOCfeKbutvivcyrYyG4tnTaiPUMg+mhsZ+Fa9bQ==",
      "dev": true
    },
    "node_modules/ngx-image-compress": {
      "version": "15.1.6",
      "resolved": "https://registry.npmjs.org/ngx-image-compress/-/ngx-image-compress-15.1.6.tgz",
      "integrity": "sha512-kMoK06er6vLV7/3Ly3S8Eef4mADZHU2A+JeBAt56nOV7iAzz6GolT2cNq40XR5hFpthcnzHs7aIcl4Sr84xK6w==",
      "peer": true,
      "dependencies": {
        "tslib": "^2.5.0"
      },
      "peerDependencies": {
        "@angular/common": "x.x.x",
        "@angular/core": "x.x.x"
      }
    },
    "node_modules/ngx-image-cropper": {
      "version": "7.0.1",
      "resolved": "https://registry.npmjs.org/ngx-image-cropper/-/ngx-image-cropper-7.0.1.tgz",
      "integrity": "sha512-Aij3z0bGZ1Em+P1nSOKskEwlTKCS2X4MVTTz9uNFZdyZbT91Xrz2tChgGc9d++w2sUsEhGnM2jP3RKNpZq9lsg==",
      "dev": true,
      "dependencies": {
        "tslib": "^2.3.0"
      },
      "peerDependencies": {
        "@angular/common": ">=13.0.0",
        "@angular/core": ">=13.0.0"
      }
    },
    "node_modules/parse5": {
      "version": "7.1.2",
      "resolved": "https://registry.npmjs.org/parse5/-/parse5-7.1.2.tgz",
      "integrity": "sha512-Czj1WaSVpaoj0wbhMzLmWD69anp2WH7FXMB9n1Sy8/ZFF9jolSQVMu1Ij5WIyGmcBmhk7EOndpO4mIpihVqAXw==",
      "optional": true,
      "peer": true,
      "dependencies": {
        "entities": "^4.4.0"
      },
      "funding": {
        "url": "https://github.com/inikulin/parse5?sponsor=1"
      }
    },
    "node_modules/rxjs": {
      "version": "7.8.1",
      "resolved": "https://registry.npmjs.org/rxjs/-/rxjs-7.8.1.tgz",
      "integrity": "sha512-AA3TVj+0A2iuIoQkWEK/tqFjBq2j+6PO6Y0zJcvzLAFhEFIO3HL0vls9hWLncZbAAbK0mar7oZ4V079I/qPMxg==",
      "peer": true,
      "dependencies": {
        "tslib": "^2.1.0"
      }
    },
    "node_modules/tslib": {
      "version": "2.6.0",
      "resolved": "https://registry.npmjs.org/tslib/-/tslib-2.6.0.tgz",
      "integrity": "sha512-7At1WUettjcSRHXCyYtTselblcHl9PJFFVKiCAy/bY97+BPZXSQ2wbq0P9s8tK2G7dFQfNnlJnPAiArVBVBsfA=="
    },
    "node_modules/uzip": {
      "version": "0.20201231.0",
      "resolved": "https://registry.npmjs.org/uzip/-/uzip-0.20201231.0.tgz",
      "integrity": "sha512-OZeJfZP+R0z9D6TmBgLq2LHzSSptGMGDGigGiEe0pr8UBe/7fdflgHlHBNDASTXB5jnFuxHpNaJywSg8YFeGng==",
      "dev": true
    },
    "node_modules/zone.js": {
      "version": "0.13.1",
      "resolved": "https://registry.npmjs.org/zone.js/-/zone.js-0.13.1.tgz",
      "integrity": "sha512-+bIeDAFEBYuXRuU3qGQvzdPap+N1zjM4KkBAiiQuVVCrHrhjDuY6VkUhNa5+U27+9w0q3fbKiMCbpJ0XzMmSWA==",
      "peer": true,
      "dependencies": {
        "tslib": "^2.3.0"
      }
    }
  }
}
